
Microsoft Visual Studio Solution File, Format Version 12.00
# Visual Studio 15
VisualStudioVersion = 15.0.28307.421
MinimumVisualStudioVersion = 10.0.40219.1
Project("{FAE04EC0-301F-11D3-BF4B-00C04F79EFBC}") = "AirportProxyService", "AirportProxyService\AirportProxyService.csproj", "{C2701462-9A16-4AD7-89A2-C6EA403C6FCE}"
EndProject
Project("{FAE04EC0-301F-11D3-BF4B-00C04F79EFBC}") = "AirportProxyService.Tests", "AirportProxyService.Tests\AirportProxyService.Tests.csproj", "{E3621148-9D98-448E-BA34-04191D0B8948}"
EndProject
Global
	GlobalSection(SolutionConfigurationPlatforms) = preSolution
		Debug|Any CPU = Debug|Any CPU
		Release|Any CPU = Release|Any CPU
	EndGlobalSection
	GlobalSection(ProjectConfigurationPlatforms) = postSolution
		{C2701462-9A16-4AD7-89A2-C6EA403C6FCE}.Debug|Any CPU.ActiveCfg = Debug|Any CPU
		{C2701462-9A16-4AD7-89A2-C6EA403C6FCE}.Debug|Any CPU.Build.0 = Debug|Any CPU
		{C2701462-9A16-4AD7-89A2-C6EA403C6FCE}.Release|Any CPU.ActiveCfg = Release|Any CPU
		{C2701462-9A16-4AD7-89A2-C6EA403C6FCE}.Release|Any CPU.Build.0 = Release|Any CPU
		{E3621148-9D98-448E-BA34-04191D0B8948}.Debug|Any CPU.ActiveCfg = Debug|Any CPU
		{E3621148-9D98-448E-BA34-04191D0B8948}.Debug|Any CPU.Build.0 = Debug|Any CPU
		{E3621148-9D98-448E-BA34-04191D0B8948}.Release|Any CPU.ActiveCfg = Release|Any CPU
		{E3621148-9D98-448E-BA34-04191D0B8948}.Release|Any CPU.Build.0 = Release|Any CPU
	EndGlobalSection
	GlobalSection(SolutionProperties) = preSolution
		HideSolutionNode = FALSE
	EndGlobalSection
	GlobalSection(ExtensibilityGlobals) = postSolution
		SolutionGuid = {2C1422A8-BEC9-4DDF-9307-FBFA3688C37E}
	EndGlobalSection
EndGlobal
